
Microsoft Visual Studio Solution File, Format Version 12.00
# Visual Studio Version 17
VisualStudioVersion = 17.4.33403.182
MinimumVisualStudioVersion = 10.0.40219.1
Project("{9A19103F-16F7-4668-BE54-9A1E7A4F7556}") = "APIwithRedis", "APIwithRedis\APIwithRedis.csproj", "{359F0C9B-4236-4FB3-9D3A-5A106C290338}"
EndProject
Project("{FAE04EC0-301F-11D3-BF4B-00C04F79EFBC}") = "RediaApi.Test", "RediaApi.Test\RediaApi.Test.csproj", "{EA0FE6E2-68FC-440F-9782-8B66204B5EBB}"
EndProject
Global
	GlobalSection(SolutionConfigurationPlatforms) = preSolution
		Debug|Any CPU = Debug|Any CPU
		Release|Any CPU = Release|Any CPU
	EndGlobalSection
	GlobalSection(ProjectConfigurationPlatforms) = postSolution
		{359F0C9B-4236-4FB3-9D3A-5A106C290338}.Debug|Any CPU.ActiveCfg = Debug|Any CPU
		{359F0C9B-4236-4FB3-9D3A-5A106C290338}.Debug|Any CPU.Build.0 = Debug|Any CPU
		{359F0C9B-4236-4FB3-9D3A-5A106C290338}.Release|Any CPU.ActiveCfg = Release|Any CPU
		{359F0C9B-4236-4FB3-9D3A-5A106C290338}.Release|Any CPU.Build.0 = Release|Any CPU
		{EA0FE6E2-68FC-440F-9782-8B66204B5EBB}.Debug|Any CPU.ActiveCfg = Debug|Any CPU
		{EA0FE6E2-68FC-440F-9782-8B66204B5EBB}.Debug|Any CPU.Build.0 = Debug|Any CPU
		{EA0FE6E2-68FC-440F-9782-8B66204B5EBB}.Release|Any CPU.ActiveCfg = Release|Any CPU
		{EA0FE6E2-68FC-440F-9782-8B66204B5EBB}.Release|Any CPU.Build.0 = Release|Any CPU
	EndGlobalSection
	GlobalSection(SolutionProperties) = preSolution
		HideSolutionNode = FALSE
	EndGlobalSection
	GlobalSection(ExtensibilityGlobals) = postSolution
		SolutionGuid = {D6ABA2EB-2EE7-47B8-AA16-9861A65F4A03}
	EndGlobalSection
EndGlobal
